// !$*UTF8*$!
{
	archiveVersion = 1;
	classes = {
	};
	objectVersion = 56;
	objects = {

/* Begin PBXBuildFile section */
		52CFC91F2B47F0F0006BA84E /* ProgrammaticRoutingInSwiftUIForTabViewAppsInSwiftUIApp.swift in Sources */ = {isa = PBXBuildFile; fileRef = 52CFC91E2B47F0F0006BA84E /* ProgrammaticRoutingInSwiftUIForTabViewAppsInSwiftUIApp.swift */; };
		52CFC9212B47F0F0006BA84E /* ContentView.swift in Sources */ = {isa = PBXBuildFile; fileRef = 52CFC9202B47F0F0006BA84E /* ContentView.swift */; };
		52CFC9232B47F0F1006BA84E /* Assets.xcassets in Resources */ = {isa = PBXBuildFile; fileRef = 52CFC9222B47F0F1006BA84E /* Assets.xcassets */; };
		52CFC9262B47F0F1006BA84E /* Preview Assets.xcassets in Resources */ = {isa = PBXBuildFile; fileRef = 52CFC9252B47F0F1006BA84E /* Preview Assets.xcassets */; };
		52CFC9302B47F0F1006BA84E /* ProgrammaticRoutingInSwiftUIForTabViewAppsInSwiftUITests.swift in Sources */ = {isa = PBXBuildFile; fileRef = 52CFC92F2B47F0F1006BA84E /* ProgrammaticRoutingInSwiftUIForTabViewAppsInSwiftUITests.swift */; };
		52CFC93A2B47F0F1006BA84E /* ProgrammaticRoutingInSwiftUIForTabViewAppsInSwiftUIUITests.swift in Sources */ = {isa = PBXBuildFile; fileRef = 52CFC9392B47F0F1006BA84E /* ProgrammaticRoutingInSwiftUIForTabViewAppsInSwiftUIUITests.swift */; };
		52CFC93C2B47F0F1006BA84E /* ProgrammaticRoutingInSwiftUIForTabViewAppsInSwiftUIUITestsLaunchTests.swift in Sources */ = {isa = PBXBuildFile; fileRef = 52CFC93B2B47F0F1006BA84E /* ProgrammaticRoutingInSwiftUIForTabViewAppsInSwiftUIUITestsLaunchTests.swift */; };
		52CFC9492B4808F1006BA84E /* Router.swift in Sources */ = {isa = PBXBuildFile; fileRef = 52CFC9482B4808F1006BA84E /* Router.swift */; };
		52CFC94B2B480921006BA84E /* AppScreen.swift in Sources */ = {isa = PBXBuildFile; fileRef = 52CFC94A2B480921006BA84E /* AppScreen.swift */; };
		52CFC94E2B480973006BA84E /* BirdRoute.swift in Sources */ = {isa = PBXBuildFile; fileRef = 52CFC94D2B480973006BA84E /* BirdRoute.swift */; };
		52CFC9502B48098A006BA84E /* PlantRoute.swift in Sources */ = {isa = PBXBuildFile; fileRef = 52CFC94F2B48098A006BA84E /* PlantRoute.swift */; };
		52CFC9522B48099C006BA84E /* BackyardRoute.swift in Sources */ = {isa = PBXBuildFile; fileRef = 52CFC9512B48099C006BA84E /* BackyardRoute.swift */; };
		52CFC9542B4809BA006BA84E /* BirdDetailScreen.swift in Sources */ = {isa = PBXBuildFile; fileRef = 52CFC9532B4809BA006BA84E /* BirdDetailScreen.swift */; };
		52CFC9572B4809E8006BA84E /* BirdsNavigationStack.swift in Sources */ = {isa = PBXBuildFile; fileRef = 52CFC9562B4809E8006BA84E /* BirdsNavigationStack.swift */; };
		52CFC9592B480A08006BA84E /* BackyardNavigationStack.swift in Sources */ = {isa = PBXBuildFile; fileRef = 52CFC9582B480A08006BA84E /* BackyardNavigationStack.swift */; };
		52CFC95C2B480A47006BA84E /* AppTabView.swift in Sources */ = {isa = PBXBuildFile; fileRef = 52CFC95B2B480A47006BA84E /* AppTabView.swift */; };
/* End PBXBuildFile section */

/* Begin PBXContainerItemProxy section */
		52CFC92C2B47F0F1006BA84E /* PBXContainerItemProxy */ = {
			isa = PBXContainerItemProxy;
			containerPortal = 52CFC9132B47F0F0006BA84E /* Project object */;
			proxyType = 1;
			remoteGlobalIDString = 52CFC91A2B47F0F0006BA84E;
			remoteInfo = ProgrammaticRoutingInSwiftUIForTabViewAppsInSwiftUI;
		};
		52CFC9362B47F0F1006BA84E /* PBXContainerItemProxy */ = {
			isa = PBXContainerItemProxy;
			containerPortal = 52CFC9132B47F0F0006BA84E /* Project object */;
			proxyType = 1;
			remoteGlobalIDString = 52CFC91A2B47F0F0006BA84E;
			remoteInfo = ProgrammaticRoutingInSwiftUIForTabViewAppsInSwiftUI;
		};
/* End PBXContainerItemProxy section */

/* Begin PBXFileReference section */
		52CFC91B2B47F0F0006BA84E /* ProgrammaticRoutingInSwiftUIForTabViewAppsInSwiftUI.app */ = {isa = PBXFileReference; explicitFileType = wrapper.application; includeInIndex = 0; path = ProgrammaticRoutingInSwiftUIForTabViewAppsInSwiftUI.app; sourceTree = BUILT_PRODUCTS_DIR; };
		52CFC91E2B47F0F0006BA84E /* ProgrammaticRoutingInSwiftUIForTabViewAppsInSwiftUIApp.swift */ = {isa = PBXFileReference; lastKnownFileType = sourcecode.swift; path = ProgrammaticRoutingInSwiftUIForTabViewAppsInSwiftUIApp.swift; sourceTree = "<group>"; };
		52CFC9202B47F0F0006BA84E /* ContentView.swift */ = {isa = PBXFileReference; lastKnownFileType = sourcecode.swift; path = ContentView.swift; sourceTree = "<group>"; };
		52CFC9222B47F0F1006BA84E /* Assets.xcassets */ = {isa = PBXFileReference; lastKnownFileType = folder.assetcatalog; path = Assets.xcassets; sourceTree = "<group>"; };
		52CFC9252B47F0F1006BA84E /* Preview Assets.xcassets */ = {isa = PBXFileReference; lastKnownFileType = folder.assetcatalog; path = "Preview Assets.xcassets"; sourceTree = "<group>"; };
		52CFC92B2B47F0F1006BA84E /* ProgrammaticRoutingInSwiftUIForTabViewAppsInSwiftUITests.xctest */ = {isa = PBXFileReference; explicitFileType = wrapper.cfbundle; includeInIndex = 0; path = ProgrammaticRoutingInSwiftUIForTabViewAppsInSwiftUITests.xctest; sourceTree = BUILT_PRODUCTS_DIR; };
		52CFC92F2B47F0F1006BA84E /* ProgrammaticRoutingInSwiftUIForTabViewAppsInSwiftUITests.swift */ = {isa = PBXFileReference; lastKnownFileType = sourcecode.swift; path = ProgrammaticRoutingInSwiftUIForTabViewAppsInSwiftUITests.swift; sourceTree = "<group>"; };
		52CFC9352B47F0F1006BA84E /* ProgrammaticRoutingInSwiftUIForTabViewAppsInSwiftUIUITests.xctest */ = {isa = PBXFileReference; explicitFileType = wrapper.cfbundle; includeInIndex = 0; path = ProgrammaticRoutingInSwiftUIForTabViewAppsInSwiftUIUITests.xctest; sourceTree = BUILT_PRODUCTS_DIR; };
		52CFC9392B47F0F1006BA84E /* ProgrammaticRoutingInSwiftUIForTabViewAppsInSwiftUIUITests.swift */ = {isa = PBXFileReference; lastKnownFileType = sourcecode.swift; path = ProgrammaticRoutingInSwiftUIForTabViewAppsInSwiftUIUITests.swift; sourceTree = "<group>"; };
		52CFC93B2B47F0F1006BA84E /* ProgrammaticRoutingInSwiftUIForTabViewAppsInSwiftUIUITestsLaunchTests.swift */ = {isa = PBXFileReference; lastKnownFileType = sourcecode.swift; path = ProgrammaticRoutingInSwiftUIForTabViewAppsInSwiftUIUITestsLaunchTests.swift; sourceTree = "<group>"; };
		52CFC9482B4808F1006BA84E /* Router.swift */ = {isa = PBXFileReference; lastKnownFileType = sourcecode.swift; path = Router.swift; sourceTree = "<group>"; };
		52CFC94A2B480921006BA84E /* AppScreen.swift */ = {isa = PBXFileReference; lastKnownFileType = sourcecode.swift; path = AppScreen.swift; sourceTree = "<group>"; };
		52CFC94D2B480973006BA84E /* BirdRoute.swift */ = {isa = PBXFileReference; lastKnownFileType = sourcecode.swift; path = BirdRoute.swift; sourceTree = "<group>"; };
		52CFC94F2B48098A006BA84E /* PlantRoute.swift */ = {isa = PBXFileReference; lastKnownFileType = sourcecode.swift; path = PlantRoute.swift; sourceTree = "<group>"; };
		52CFC9512B48099C006BA84E /* BackyardRoute.swift */ = {isa = PBXFileReference; lastKnownFileType = sourcecode.swift; path = BackyardRoute.swift; sourceTree = "<group>"; };
		52CFC9532B4809BA006BA84E /* BirdDetailScreen.swift */ = {isa = PBXFileReference; lastKnownFileType = sourcecode.swift; path = BirdDetailScreen.swift; sourceTree = "<group>"; };
		52CFC9562B4809E8006BA84E /* BirdsNavigationStack.swift */ = {isa = PBXFileReference; lastKnownFileType = sourcecode.swift; path = BirdsNavigationStack.swift; sourceTree = "<group>"; };
		52CFC9582B480A08006BA84E /* BackyardNavigationStack.swift */ = {isa = PBXFileReference; lastKnownFileType = sourcecode.swift; path = BackyardNavigationStack.swift; sourceTree = "<group>"; };
		52CFC95B2B480A47006BA84E /* AppTabView.swift */ = {isa = PBXFileReference; lastKnownFileType = sourcecode.swift; path = AppTabView.swift; sourceTree = "<group>"; };
/* End PBXFileReference section */

/* Begin PBXFrameworksBuildPhase section */
		52CFC9182B47F0F0006BA84E /* Frameworks */ = {
			isa = PBXFrameworksBuildPhase;
			buildActionMask = 2147483647;
			files = (
			);
			runOnlyForDeploymentPostprocessing = 0;
		};
		52CFC9282B47F0F1006BA84E /* Frameworks */ = {
			isa = PBXFrameworksBuildPhase;
			buildActionMask = 2147483647;
			files = (
			);
			runOnlyForDeploymentPostprocessing = 0;
		};
		52CFC9322B47F0F1006BA84E /* Frameworks */ = {
			isa = PBXFrameworksBuildPhase;
			buildActionMask = 2147483647;
			files = (
			);
			runOnlyForDeploymentPostprocessing = 0;
		};
/* End PBXFrameworksBuildPhase section */

/* Begin PBXGroup section */
		52CFC9122B47F0F0006BA84E = {
			isa = PBXGroup;
			children = (
				52CFC91D2B47F0F0006BA84E /* ProgrammaticRoutingInSwiftUIForTabViewAppsInSwiftUI */,
				52CFC92E2B47F0F1006BA84E /* ProgrammaticRoutingInSwiftUIForTabViewAppsInSwiftUITests */,
				52CFC9382B47F0F1006BA84E /* ProgrammaticRoutingInSwiftUIForTabViewAppsInSwiftUIUITests */,
				52CFC91C2B47F0F0006BA84E /* Products */,
			);
			sourceTree = "<group>";
		};
		52CFC91C2B47F0F0006BA84E /* Products */ = {
			isa = PBXGroup;
			children = (
				52CFC91B2B47F0F0006BA84E /* ProgrammaticRoutingInSwiftUIForTabViewAppsInSwiftUI.app */,
				52CFC92B2B47F0F1006BA84E /* ProgrammaticRoutingInSwiftUIForTabViewAppsInSwiftUITests.xctest */,
				52CFC9352B47F0F1006BA84E /* ProgrammaticRoutingInSwiftUIForTabViewAppsInSwiftUIUITests.xctest */,
			);
			name = Products;
			sourceTree = "<group>";
		};
		52CFC91D2B47F0F0006BA84E /* ProgrammaticRoutingInSwiftUIForTabViewAppsInSwiftUI */ = {
			isa = PBXGroup;
			children = (
				52CFC95A2B480A37006BA84E /* Views */,
				52CFC9552B4809DA006BA84E /* NavigationStacks */,
				52CFC94C2B480962006BA84E /* Routes */,
				52CFC91E2B47F0F0006BA84E /* ProgrammaticRoutingInSwiftUIForTabViewAppsInSwiftUIApp.swift */,
				52CFC9202B47F0F0006BA84E /* ContentView.swift */,
				52CFC9222B47F0F1006BA84E /* Assets.xcassets */,
				52CFC9242B47F0F1006BA84E /* Preview Content */,
				52CFC9482B4808F1006BA84E /* Router.swift */,
				52CFC94A2B480921006BA84E /* AppScreen.swift */,
				52CFC9532B4809BA006BA84E /* BirdDetailScreen.swift */,
			);
			path = ProgrammaticRoutingInSwiftUIForTabViewAppsInSwiftUI;
			sourceTree = "<group>";
		};
		52CFC9242B47F0F1006BA84E /* Preview Content */ = {
			isa = PBXGroup;
			children = (
				52CFC9252B47F0F1006BA84E /* Preview Assets.xcassets */,
			);
			path = "Preview Content";
			sourceTree = "<group>";
		};
		52CFC92E2B47F0F1006BA84E /* ProgrammaticRoutingInSwiftUIForTabViewAppsInSwiftUITests */ = {
			isa = PBXGroup;
			children = (
				52CFC92F2B47F0F1006BA84E /* ProgrammaticRoutingInSwiftUIForTabViewAppsInSwiftUITests.swift */,
			);
			path = ProgrammaticRoutingInSwiftUIForTabViewAppsInSwiftUITests;
			sourceTree = "<group>";
		};
		52CFC9382B47F0F1006BA84E /* ProgrammaticRoutingInSwiftUIForTabViewAppsInSwiftUIUITests */ = {
			isa = PBXGroup;
			children = (
				52CFC9392B47F0F1006BA84E /* ProgrammaticRoutingInSwiftUIForTabViewAppsInSwiftUIUITests.swift */,
				52CFC93B2B47F0F1006BA84E /* ProgrammaticRoutingInSwiftUIForTabViewAppsInSwiftUIUITestsLaunchTests.swift */,
			);
			path = ProgrammaticRoutingInSwiftUIForTabViewAppsInSwiftUIUITests;
			sourceTree = "<group>";
		};
		52CFC94C2B480962006BA84E /* Routes */ = {
			isa = PBXGroup;
			children = (
				52CFC94D2B480973006BA84E /* BirdRoute.swift */,
				52CFC94F2B48098A006BA84E /* PlantRoute.swift */,
				52CFC9512B48099C006BA84E /* BackyardRoute.swift */,
			);
			path = Routes;
			sourceTree = "<group>";
		};
		52CFC9552B4809DA006BA84E /* NavigationStacks */ = {
			isa = PBXGroup;
			children = (
				52CFC9562B4809E8006BA84E /* BirdsNavigationStack.swift */,
				52CFC9582B480A08006BA84E /* BackyardNavigationStack.swift */,
			);
			path = NavigationStacks;
			sourceTree = "<group>";
		};
		52CFC95A2B480A37006BA84E /* Views */ = {
			isa = PBXGroup;
			children = (
				52CFC95B2B480A47006BA84E /* AppTabView.swift */,
			);
			path = Views;
			sourceTree = "<group>";
		};
/* End PBXGroup section */

/* Begin PBXNativeTarget section */
		52CFC91A2B47F0F0006BA84E /* ProgrammaticRoutingInSwiftUIForTabViewAppsInSwiftUI */ = {
			isa = PBXNativeTarget;
			buildConfigurationList = 52CFC93F2B47F0F1006BA84E /* Build configuration list for PBXNativeTarget "ProgrammaticRoutingInSwiftUIForTabViewAppsInSwiftUI" */;
			buildPhases = (
				52CFC9172B47F0F0006BA84E /* Sources */,
				52CFC9182B47F0F0006BA84E /* Frameworks */,
				52CFC9192B47F0F0006BA84E /* Resources */,
			);
			buildRules = (
			);
			dependencies = (
			);
			name = ProgrammaticRoutingInSwiftUIForTabViewAppsInSwiftUI;
			productName = ProgrammaticRoutingInSwiftUIForTabViewAppsInSwiftUI;
			productReference = 52CFC91B2B47F0F0006BA84E /* ProgrammaticRoutingInSwiftUIForTabViewAppsInSwiftUI.app */;
			productType = "com.apple.product-type.application";
		};
		52CFC92A2B47F0F1006BA84E /* ProgrammaticRoutingInSwiftUIForTabViewAppsInSwiftUITests */ = {
			isa = PBXNativeTarget;
			buildConfigurationList = 52CFC9422B47F0F1006BA84E /* Build configuration list for PBXNativeTarget "ProgrammaticRoutingInSwiftUIForTabViewAppsInSwiftUITests" */;
			buildPhases = (
				52CFC9272B47F0F1006BA84E /* Sources */,
				52CFC9282B47F0F1006BA84E /* Frameworks */,
				52CFC9292B47F0F1006BA84E /* Resources */,
			);
			buildRules = (
			);
			dependencies = (
				52CFC92D2B47F0F1006BA84E /* PBXTargetDependency */,
			);
			name = ProgrammaticRoutingInSwiftUIForTabViewAppsInSwiftUITests;
			productName = ProgrammaticRoutingInSwiftUIForTabViewAppsInSwiftUITests;
			productReference = 52CFC92B2B47F0F1006BA84E /* ProgrammaticRoutingInSwiftUIForTabViewAppsInSwiftUITests.xctest */;
			productType = "com.apple.product-type.bundle.unit-test";
		};
		52CFC9342B47F0F1006BA84E /* ProgrammaticRoutingInSwiftUIForTabViewAppsInSwiftUIUITests */ = {
			isa = PBXNativeTarget;
			buildConfigurationList = 52CFC9452B47F0F1006BA84E /* Build configuration list for PBXNativeTarget "ProgrammaticRoutingInSwiftUIForTabViewAppsInSwiftUIUITests" */;
			buildPhases = (
				52CFC9312B47F0F1006BA84E /* Sources */,
				52CFC9322B47F0F1006BA84E /* Frameworks */,
				52CFC9332B47F0F1006BA84E /* Resources */,
			);
			buildRules = (
			);
			dependencies = (
				52CFC9372B47F0F1006BA84E /* PBXTargetDependency */,
			);
			name = ProgrammaticRoutingInSwiftUIForTabViewAppsInSwiftUIUITests;
			productName = ProgrammaticRoutingInSwiftUIForTabViewAppsInSwiftUIUITests;
			productReference = 52CFC9352B47F0F1006BA84E /* ProgrammaticRoutingInSwiftUIForTabViewAppsInSwiftUIUITests.xctest */;
			productType = "com.apple.product-type.bundle.ui-testing";
		};
/* End PBXNativeTarget section */

/* Begin PBXProject section */
		52CFC9132B47F0F0006BA84E /* Project object */ = {
			isa = PBXProject;
			attributes = {
				BuildIndependentTargetsInParallel = 1;
				LastSwiftUpdateCheck = 1500;
				LastUpgradeCheck = 1500;
				TargetAttributes = {
					52CFC91A2B47F0F0006BA84E = {
						CreatedOnToolsVersion = 15.0.1;
					};
					52CFC92A2B47F0F1006BA84E = {
						CreatedOnToolsVersion = 15.0.1;
						TestTargetID = 52CFC91A2B47F0F0006BA84E;
					};
					52CFC9342B47F0F1006BA84E = {
						CreatedOnToolsVersion = 15.0.1;
						TestTargetID = 52CFC91A2B47F0F0006BA84E;
					};
				};
			};
			buildConfigurationList = 52CFC9162B47F0F0006BA84E /* Build configuration list for PBXProject "ProgrammaticRoutingInSwiftUIForTabViewAppsInSwiftUI" */;
			compatibilityVersion = "Xcode 14.0";
			developmentRegion = en;
			hasScannedForEncodings = 0;
			knownRegions = (
				en,
				Base,
			);
			mainGroup = 52CFC9122B47F0F0006BA84E;
			productRefGroup = 52CFC91C2B47F0F0006BA84E /* Products */;
			projectDirPath = "";
			projectRoot = "";
			targets = (
				52CFC91A2B47F0F0006BA84E /* ProgrammaticRoutingInSwiftUIForTabViewAppsInSwiftUI */,
				52CFC92A2B47F0F1006BA84E /* ProgrammaticRoutingInSwiftUIForTabViewAppsInSwiftUITests */,
				52CFC9342B47F0F1006BA84E /* ProgrammaticRoutingInSwiftUIForTabViewAppsInSwiftUIUITests */,
			);
		};
/* End PBXProject section */

/* Begin PBXResourcesBuildPhase section */
		52CFC9192B47F0F0006BA84E /* Resources */ = {
			isa = PBXResourcesBuildPhase;
			buildActionMask = 2147483647;
			files = (
				52CFC9262B47F0F1006BA84E /* Preview Assets.xcassets in Resources */,
				52CFC9232B47F0F1006BA84E /* Assets.xcassets in Resources */,
			);
			runOnlyForDeploymentPostprocessing = 0;
		};
		52CFC9292B47F0F1006BA84E /* Resources */ = {
			isa = PBXResourcesBuildPhase;
			buildActionMask = 2147483647;
			files = (
			);
			runOnlyForDeploymentPostprocessing = 0;
		};
		52CFC9332B47F0F1006BA84E /* Resources */ = {
			isa = PBXResourcesBuildPhase;
			buildActionMask = 2147483647;
			files = (
			);
			runOnlyForDeploymentPostprocessing = 0;
		};
/* End PBXResourcesBuildPhase section */

/* Begin PBXSourcesBuildPhase section */
		52CFC9172B47F0F0006BA84E /* Sources */ = {
			isa = PBXSourcesBuildPhase;
			buildActionMask = 2147483647;
			files = (
				52CFC9522B48099C006BA84E /* BackyardRoute.swift in Sources */,
				52CFC9212B47F0F0006BA84E /* ContentView.swift in Sources */,
				52CFC9572B4809E8006BA84E /* BirdsNavigationStack.swift in Sources */,
				52CFC9502B48098A006BA84E /* PlantRoute.swift in Sources */,
				52CFC9492B4808F1006BA84E /* Router.swift in Sources */,
				52CFC94E2B480973006BA84E /* BirdRoute.swift in Sources */,
				52CFC9542B4809BA006BA84E /* BirdDetailScreen.swift in Sources */,
				52CFC9592B480A08006BA84E /* BackyardNavigationStack.swift in Sources */,
				52CFC91F2B47F0F0006BA84E /* ProgrammaticRoutingInSwiftUIForTabViewAppsInSwiftUIApp.swift in Sources */,
				52CFC94B2B480921006BA84E /* AppScreen.swift in Sources */,
				52CFC95C2B480A47006BA84E /* AppTabView.swift in Sources */,
			);
			runOnlyForDeploymentPostprocessing = 0;
		};
		52CFC9272B47F0F1006BA84E /* Sources */ = {
			isa = PBXSourcesBuildPhase;
			buildActionMask = 2147483647;
			files = (
				52CFC9302B47F0F1006BA84E /* ProgrammaticRoutingInSwiftUIForTabViewAppsInSwiftUITests.swift in Sources */,
			);
			runOnlyForDeploymentPostprocessing = 0;
		};
		52CFC9312B47F0F1006BA84E /* Sources */ = {
			isa = PBXSourcesBuildPhase;
			buildActionMask = 2147483647;
			files = (
				52CFC93C2B47F0F1006BA84E /* ProgrammaticRoutingInSwiftUIForTabViewAppsInSwiftUIUITestsLaunchTests.swift in Sources */,
				52CFC93A2B47F0F1006BA84E /* ProgrammaticRoutingInSwiftUIForTabViewAppsInSwiftUIUITests.swift in Sources */,
			);
			runOnlyForDeploymentPostprocessing = 0;
		};
/* End PBXSourcesBuildPhase section */

/* Begin PBXTargetDependency section */
		52CFC92D2B47F0F1006BA84E /* PBXTargetDependency */ = {
			isa = PBXTargetDependency;
			target = 52CFC91A2B47F0F0006BA84E /* ProgrammaticRoutingInSwiftUIForTabViewAppsInSwiftUI */;
			targetProxy = 52CFC92C2B47F0F1006BA84E /* PBXContainerItemProxy */;
		};
		52CFC9372B47F0F1006BA84E /* PBXTargetDependency */ = {
			isa = PBXTargetDependency;
			target = 52CFC91A2B47F0F0006BA84E /* ProgrammaticRoutingInSwiftUIForTabViewAppsInSwiftUI */;
			targetProxy = 52CFC9362B47F0F1006BA84E /* PBXContainerItemProxy */;
		};
/* End PBXTargetDependency section */

/* Begin XCBuildConfiguration section */
		52CFC93D2B47F0F1006BA84E /* Debug */ = {
			isa = XCBuildConfiguration;
			buildSettings = {
				ALWAYS_SEARCH_USER_PATHS = NO;
				ASSETCATALOG_COMPILER_GENERATE_SWIFT_ASSET_SYMBOL_EXTENSIONS = YES;
				CLANG_ANALYZER_NONNULL = YES;
				CLANG_ANALYZER_NUMBER_OBJECT_CONVERSION = YES_AGGRESSIVE;
				CLANG_CXX_LANGUAGE_STANDARD = "gnu++20";
				CLANG_ENABLE_MODULES = YES;
				CLANG_ENABLE_OBJC_ARC = YES;
				CLANG_ENABLE_OBJC_WEAK = YES;
				CLANG_WARN_BLOCK_CAPTURE_AUTORELEASING = YES;
				CLANG_WARN_BOOL_CONVERSION = YES;
				CLANG_WARN_COMMA = YES;
				CLANG_WARN_CONSTANT_CONVERSION = YES;
				CLANG_WARN_DEPRECATED_OBJC_IMPLEMENTATIONS = YES;
				CLANG_WARN_DIRECT_OBJC_ISA_USAGE = YES_ERROR;
				CLANG_WARN_DOCUMENTATION_COMMENTS = YES;
				CLANG_WARN_EMPTY_BODY = YES;
				CLANG_WARN_ENUM_CONVERSION = YES;
				CLANG_WARN_INFINITE_RECURSION = YES;
				CLANG_WARN_INT_CONVERSION = YES;
				CLANG_WARN_NON_LITERAL_NULL_CONVERSION = YES;
				CLANG_WARN_OBJC_IMPLICIT_RETAIN_SELF = YES;
				CLANG_WARN_OBJC_LITERAL_CONVERSION = YES;
				CLANG_WARN_OBJC_ROOT_CLASS = YES_ERROR;
				CLANG_WARN_QUOTED_INCLUDE_IN_FRAMEWORK_HEADER = YES;
				CLANG_WARN_RANGE_LOOP_ANALYSIS = YES;
				CLANG_WARN_STRICT_PROTOTYPES = YES;
				CLANG_WARN_SUSPICIOUS_MOVE = YES;
				CLANG_WARN_UNGUARDED_AVAILABILITY = YES_AGGRESSIVE;
				CLANG_WARN_UNREACHABLE_CODE = YES;
				CLANG_WARN__DUPLICATE_METHOD_MATCH = YES;
				COPY_PHASE_STRIP = NO;
				DEBUG_INFORMATION_FORMAT = dwarf;
				ENABLE_STRICT_OBJC_MSGSEND = YES;
				ENABLE_TESTABILITY = YES;
				ENABLE_USER_SCRIPT_SANDBOXING = YES;
				GCC_C_LANGUAGE_STANDARD = gnu17;
				GCC_DYNAMIC_NO_PIC = NO;
				GCC_NO_COMMON_BLOCKS = YES;
				GCC_OPTIMIZATION_LEVEL = 0;
				GCC_PREPROCESSOR_DEFINITIONS = (
					"DEBUG=1",
					"$(inherited)",
				);
				GCC_WARN_64_TO_32_BIT_CONVERSION = YES;
				GCC_WARN_ABOUT_RETURN_TYPE = YES_ERROR;
				GCC_WARN_UNDECLARED_SELECTOR = YES;
				GCC_WARN_UNINITIALIZED_AUTOS = YES_AGGRESSIVE;
				GCC_WARN_UNUSED_FUNCTION = YES;
				GCC_WARN_UNUSED_VARIABLE = YES;
				IPHONEOS_DEPLOYMENT_TARGET = 17.0;
				LOCALIZATION_PREFERS_STRING_CATALOGS = YES;
				MTL_ENABLE_DEBUG_INFO = INCLUDE_SOURCE;
				MTL_FAST_MATH = YES;
				ONLY_ACTIVE_ARCH = YES;
				SDKROOT = iphoneos;
				SWIFT_ACTIVE_COMPILATION_CONDITIONS = "DEBUG $(inherited)";
				SWIFT_OPTIMIZATION_LEVEL = "-Onone";
			};
			name = Debug;
		};
		52CFC93E2B47F0F1006BA84E /* Release */ = {
			isa = XCBuildConfiguration;
			buildSettings = {
				ALWAYS_SEARCH_USER_PATHS = NO;
				ASSETCATALOG_COMPILER_GENERATE_SWIFT_ASSET_SYMBOL_EXTENSIONS = YES;
				CLANG_ANALYZER_NONNULL = YES;
				CLANG_ANALYZER_NUMBER_OBJECT_CONVERSION = YES_AGGRESSIVE;
				CLANG_CXX_LANGUAGE_STANDARD = "gnu++20";
				CLANG_ENABLE_MODULES = YES;
				CLANG_ENABLE_OBJC_ARC = YES;
				CLANG_ENABLE_OBJC_WEAK = YES;
				CLANG_WARN_BLOCK_CAPTURE_AUTORELEASING = YES;
				CLANG_WARN_BOOL_CONVERSION = YES;
				CLANG_WARN_COMMA = YES;
				CLANG_WARN_CONSTANT_CONVERSION = YES;
				CLANG_WARN_DEPRECATED_OBJC_IMPLEMENTATIONS = YES;
				CLANG_WARN_DIRECT_OBJC_ISA_USAGE = YES_ERROR;
				CLANG_WARN_DOCUMENTATION_COMMENTS = YES;
				CLANG_WARN_EMPTY_BODY = YES;
				CLANG_WARN_ENUM_CONVERSION = YES;
				CLANG_WARN_INFINITE_RECURSION = YES;
				CLANG_WARN_INT_CONVERSION = YES;
				CLANG_WARN_NON_LITERAL_NULL_CONVERSION = YES;
				CLANG_WARN_OBJC_IMPLICIT_RETAIN_SELF = YES;
				CLANG_WARN_OBJC_LITERAL_CONVERSION = YES;
				CLANG_WARN_OBJC_ROOT_CLASS = YES_ERROR;
				CLANG_WARN_QUOTED_INCLUDE_IN_FRAMEWORK_HEADER = YES;
				CLANG_WARN_RANGE_LOOP_ANALYSIS = YES;
				CLANG_WARN_STRICT_PROTOTYPES = YES;
				CLANG_WARN_SUSPICIOUS_MOVE = YES;
				CLANG_WARN_UNGUARDED_AVAILABILITY = YES_AGGRESSIVE;
				CLANG_WARN_UNREACHABLE_CODE = YES;
				CLANG_WARN__DUPLICATE_METHOD_MATCH = YES;
				COPY_PHASE_STRIP = NO;
				DEBUG_INFORMATION_FORMAT = "dwarf-with-dsym";
				ENABLE_NS_ASSERTIONS = NO;
				ENABLE_STRICT_OBJC_MSGSEND = YES;
				ENABLE_USER_SCRIPT_SANDBOXING = YES;
				GCC_C_LANGUAGE_STANDARD = gnu17;
				GCC_NO_COMMON_BLOCKS = YES;
				GCC_WARN_64_TO_32_BIT_CONVERSION = YES;
				GCC_WARN_ABOUT_RETURN_TYPE = YES_ERROR;
				GCC_WARN_UNDECLARED_SELECTOR = YES;
				GCC_WARN_UNINITIALIZED_AUTOS = YES_AGGRESSIVE;
				GCC_WARN_UNUSED_FUNCTION = YES;
				GCC_WARN_UNUSED_VARIABLE = YES;
				IPHONEOS_DEPLOYMENT_TARGET = 17.0;
				LOCALIZATION_PREFERS_STRING_CATALOGS = YES;
				MTL_ENABLE_DEBUG_INFO = NO;
				MTL_FAST_MATH = YES;
				SDKROOT = iphoneos;
				SWIFT_COMPILATION_MODE = wholemodule;
				VALIDATE_PRODUCT = YES;
			};
			name = Release;
		};
		52CFC9402B47F0F1006BA84E /* Debug */ = {
			isa = XCBuildConfiguration;
			buildSettings = {
				ASSETCATALOG_COMPILER_APPICON_NAME = AppIcon;
				ASSETCATALOG_COMPILER_GLOBAL_ACCENT_COLOR_NAME = AccentColor;
				CODE_SIGN_STYLE = Automatic;
				CURRENT_PROJECT_VERSION = 1;
				DEVELOPMENT_ASSET_PATHS = "\"ProgrammaticRoutingInSwiftUIForTabViewAppsInSwiftUI/Preview Content\"";
				ENABLE_PREVIEWS = YES;
				GENERATE_INFOPLIST_FILE = YES;
				INFOPLIST_KEY_UIApplicationSceneManifest_Generation = YES;
				INFOPLIST_KEY_UIApplicationSupportsIndirectInputEvents = YES;
				INFOPLIST_KEY_UILaunchScreen_Generation = YES;
				INFOPLIST_KEY_UISupportedInterfaceOrientations_iPad = "UIInterfaceOrientationPortrait UIInterfaceOrientationPortraitUpsideDown UIInterfaceOrientationLandscapeLeft UIInterfaceOrientationLandscapeRight";
				INFOPLIST_KEY_UISupportedInterfaceOrientations_iPhone = "UIInterfaceOrientationPortrait UIInterfaceOrientationLandscapeLeft UIInterfaceOrientationLandscapeRight";
				LD_RUNPATH_SEARCH_PATHS = (
					"$(inherited)",
					"@executable_path/Frameworks",
				);
				MARKETING_VERSION = 1.0;
				PRODUCT_BUNDLE_IDENTIFIER = com.ri.ProgrammaticRoutingInSwiftUIForTabViewAppsInSwiftUI;
				PRODUCT_NAME = "$(TARGET_NAME)";
				SWIFT_EMIT_LOC_STRINGS = YES;
				SWIFT_VERSION = 5.0;
				TARGETED_DEVICE_FAMILY = "1,2";
			};
			name = Debug;
		};
		52CFC9412B47F0F1006BA84E /* Release */ = {
			isa = XCBuildConfiguration;
			buildSettings = {
				ASSETCATALOG_COMPILER_APPICON_NAME = AppIcon;
				ASSETCATALOG_COMPILER_GLOBAL_ACCENT_COLOR_NAME = AccentColor;
				CODE_SIGN_STYLE = Automatic;
				CURRENT_PROJECT_VERSION = 1;
				DEVELOPMENT_ASSET_PATHS = "\"ProgrammaticRoutingInSwiftUIForTabViewAppsInSwiftUI/Preview Content\"";
				ENABLE_PREVIEWS = YES;
				GENERATE_INFOPLIST_FILE = YES;
				INFOPLIST_KEY_UIApplicationSceneManifest_Generation = YES;
				INFOPLIST_KEY_UIApplicationSupportsIndirectInputEvents = YES;
				INFOPLIST_KEY_UILaunchScreen_Generation = YES;
				INFOPLIST_KEY_UISupportedInterfaceOrientations_iPad = "UIInterfaceOrientationPortrait UIInterfaceOrientationPortraitUpsideDown UIInterfaceOrientationLandscapeLeft UIInterfaceOrientationLandscapeRight";
				INFOPLIST_KEY_UISupportedInterfaceOrientations_iPhone = "UIInterfaceOrientationPortrait UIInterfaceOrientationLandscapeLeft UIInterfaceOrientationLandscapeRight";
				LD_RUNPATH_SEARCH_PATHS = (
					"$(inherited)",
					"@executable_path/Frameworks",
				);
				MARKETING_VERSION = 1.0;
				PRODUCT_BUNDLE_IDENTIFIER = com.ri.ProgrammaticRoutingInSwiftUIForTabViewAppsInSwiftUI;
				PRODUCT_NAME = "$(TARGET_NAME)";
				SWIFT_EMIT_LOC_STRINGS = YES;
				SWIFT_VERSION = 5.0;
				TARGETED_DEVICE_FAMILY = "1,2";
			};
			name = Release;
		};
		52CFC9432B47F0F1006BA84E /* Debug */ = {
			isa = XCBuildConfiguration;
			buildSettings = {
				ALWAYS_EMBED_SWIFT_STANDARD_LIBRARIES = YES;
				BUNDLE_LOADER = "$(TEST_HOST)";
				CODE_SIGN_STYLE = Automatic;
				CURRENT_PROJECT_VERSION = 1;
				GENERATE_INFOPLIST_FILE = YES;
				IPHONEOS_DEPLOYMENT_TARGET = 17.0;
				MARKETING_VERSION = 1.0;
				PRODUCT_BUNDLE_IDENTIFIER = com.ri.ProgrammaticRoutingInSwiftUIForTabViewAppsInSwiftUITests;
				PRODUCT_NAME = "$(TARGET_NAME)";
				SWIFT_EMIT_LOC_STRINGS = NO;
				SWIFT_VERSION = 5.0;
				TARGETED_DEVICE_FAMILY = "1,2";
				TEST_HOST = "$(BUILT_PRODUCTS_DIR)/ProgrammaticRoutingInSwiftUIForTabViewAppsInSwiftUI.app/$(BUNDLE_EXECUTABLE_FOLDER_PATH)/ProgrammaticRoutingInSwiftUIForTabViewAppsInSwiftUI";
			};
			name = Debug;
		};
		52CFC9442B47F0F1006BA84E /* Release */ = {
			isa = XCBuildConfiguration;
			buildSettings = {
				ALWAYS_EMBED_SWIFT_STANDARD_LIBRARIES = YES;
				BUNDLE_LOADER = "$(TEST_HOST)";
				CODE_SIGN_STYLE = Automatic;
				CURRENT_PROJECT_VERSION = 1;
				GENERATE_INFOPLIST_FILE = YES;
				IPHONEOS_DEPLOYMENT_TARGET = 17.0;
				MARKETING_VERSION = 1.0;
				PRODUCT_BUNDLE_IDENTIFIER = com.ri.ProgrammaticRoutingInSwiftUIForTabViewAppsInSwiftUITests;
				PRODUCT_NAME = "$(TARGET_NAME)";
				SWIFT_EMIT_LOC_STRINGS = NO;
				SWIFT_VERSION = 5.0;
				TARGETED_DEVICE_FAMILY = "1,2";
				TEST_HOST = "$(BUILT_PRODUCTS_DIR)/ProgrammaticRoutingInSwiftUIForTabViewAppsInSwiftUI.app/$(BUNDLE_EXECUTABLE_FOLDER_PATH)/ProgrammaticRoutingInSwiftUIForTabViewAppsInSwiftUI";
			};
			name = Release;
		};
		52CFC9462B47F0F1006BA84E /* Debug */ = {
			isa = XCBuildConfiguration;
			buildSettings = {
				ALWAYS_EMBED_SWIFT_STANDARD_LIBRARIES = YES;
				CODE_SIGN_STYLE = Automatic;
				CURRENT_PROJECT_VERSION = 1;
				GENERATE_INFOPLIST_FILE = YES;
				MARKETING_VERSION = 1.0;
				PRODUCT_BUNDLE_IDENTIFIER = com.ri.ProgrammaticRoutingInSwiftUIForTabViewAppsInSwiftUIUITests;
				PRODUCT_NAME = "$(TARGET_NAME)";
				SWIFT_EMIT_LOC_STRINGS = NO;
				SWIFT_VERSION = 5.0;
				TARGETED_DEVICE_FAMILY = "1,2";
				TEST_TARGET_NAME = ProgrammaticRoutingInSwiftUIForTabViewAppsInSwiftUI;
			};
			name = Debug;
		};
		52CFC9472B47F0F1006BA84E /* Release */ = {
			isa = XCBuildConfiguration;
			buildSettings = {
				ALWAYS_EMBED_SWIFT_STANDARD_LIBRARIES = YES;
				CODE_SIGN_STYLE = Automatic;
				CURRENT_PROJECT_VERSION = 1;
				GENERATE_INFOPLIST_FILE = YES;
				MARKETING_VERSION = 1.0;
				PRODUCT_BUNDLE_IDENTIFIER = com.ri.ProgrammaticRoutingInSwiftUIForTabViewAppsInSwiftUIUITests;
				PRODUCT_NAME = "$(TARGET_NAME)";
				SWIFT_EMIT_LOC_STRINGS = NO;
				SWIFT_VERSION = 5.0;
				TARGETED_DEVICE_FAMILY = "1,2";
				TEST_TARGET_NAME = ProgrammaticRoutingInSwiftUIForTabViewAppsInSwiftUI;
			};
			name = Release;
		};
/* End XCBuildConfiguration section */

/* Begin XCConfigurationList section */
		52CFC9162B47F0F0006BA84E /* Build configuration list for PBXProject "ProgrammaticRoutingInSwiftUIForTabViewAppsInSwiftUI" */ = {
			isa = XCConfigurationList;
			buildConfigurations = (
				52CFC93D2B47F0F1006BA84E /* Debug */,
				52CFC93E2B47F0F1006BA84E /* Release */,
			);
			defaultConfigurationIsVisible = 0;
			defaultConfigurationName = Release;
		};
		52CFC93F2B47F0F1006BA84E /* Build configuration list for PBXNativeTarget "ProgrammaticRoutingInSwiftUIForTabViewAppsInSwiftUI" */ = {
			isa = XCConfigurationList;
			buildConfigurations = (
				52CFC9402B47F0F1006BA84E /* Debug */,
				52CFC9412B47F0F1006BA84E /* Release */,
			);
			defaultConfigurationIsVisible = 0;
			defaultConfigurationName = Release;
		};
		52CFC9422B47F0F1006BA84E /* Build configuration list for PBXNativeTarget "ProgrammaticRoutingInSwiftUIForTabViewAppsInSwiftUITests" */ = {
			isa = XCConfigurationList;
			buildConfigurations = (
				52CFC9432B47F0F1006BA84E /* Debug */,
				52CFC9442B47F0F1006BA84E /* Release */,
			);
			defaultConfigurationIsVisible = 0;
			defaultConfigurationName = Release;
		};
		52CFC9452B47F0F1006BA84E /* Build configuration list for PBXNativeTarget "ProgrammaticRoutingInSwiftUIForTabViewAppsInSwiftUIUITests" */ = {
			isa = XCConfigurationList;
			buildConfigurations = (
				52CFC9462B47F0F1006BA84E /* Debug */,
				52CFC9472B47F0F1006BA84E /* Release */,
			);
			defaultConfigurationIsVisible = 0;
			defaultConfigurationName = Release;
		};
/* End XCConfigurationList section */
	};
	rootObject = 52CFC9132B47F0F0006BA84E /* Project object */;
}
